// !$*UTF8*$!
{
	archiveVersion = 1;
	classes = {
	};
	objectVersion = 46;
	objects = {

/* Begin PBXBuildFile section */
		8BC842261E840D9E00A131AB /* AppDelegate.swift in Sources */ = {isa = PBXBuildFile; fileRef = 8BC842251E840D9E00A131AB /* AppDelegate.swift */; };
		8BC8422D1E840D9E00A131AB /* Main.storyboard in Resources */ = {isa = PBXBuildFile; fileRef = 8BC8422B1E840D9E00A131AB /* Main.storyboard */; };
		8BC8422F1E840D9E00A131AB /* Assets.xcassets in Resources */ = {isa = PBXBuildFile; fileRef = 8BC8422E1E840D9E00A131AB /* Assets.xcassets */; };
		8BC842321E840D9E00A131AB /* LaunchScreen.storyboard in Resources */ = {isa = PBXBuildFile; fileRef = 8BC842301E840D9E00A131AB /* LaunchScreen.storyboard */; };
		8BC8423A1E840E4500A131AB /* MemoShotTableViewCell.swift in Sources */ = {isa = PBXBuildFile; fileRef = 8BC842391E840E4500A131AB /* MemoShotTableViewCell.swift */; };
		8BC8423C1E840E5D00A131AB /* MemoShotTableViewController.swift in Sources */ = {isa = PBXBuildFile; fileRef = 8BC8423B1E840E5D00A131AB /* MemoShotTableViewController.swift */; };
		8BC8423E1E840E7A00A131AB /* MemoSoundTableViewController.swift in Sources */ = {isa = PBXBuildFile; fileRef = 8BC8423D1E840E7A00A131AB /* MemoSoundTableViewController.swift */; };
		8BC842401E840E8900A131AB /* MemoTextTableViewController.swift in Sources */ = {isa = PBXBuildFile; fileRef = 8BC8423F1E840E8900A131AB /* MemoTextTableViewController.swift */; };
		8BC842421E84232600A131AB /* MemoSoundTableViewCell.swift in Sources */ = {isa = PBXBuildFile; fileRef = 8BC842411E84232600A131AB /* MemoSoundTableViewCell.swift */; };
		8BC842441E84233E00A131AB /* MemoTextTableViewCell.swift in Sources */ = {isa = PBXBuildFile; fileRef = 8BC842431E84233E00A131AB /* MemoTextTableViewCell.swift */; };
/* End PBXBuildFile section */

/* Begin PBXFileReference section */
		8BC842221E840D9E00A131AB /* MemoShot.app */ = {isa = PBXFileReference; explicitFileType = wrapper.application; includeInIndex = 0; path = MemoShot.app; sourceTree = BUILT_PRODUCTS_DIR; };
		8BC842251E840D9E00A131AB /* AppDelegate.swift */ = {isa = PBXFileReference; lastKnownFileType = sourcecode.swift; path = AppDelegate.swift; sourceTree = "<group>"; };
		8BC8422C1E840D9E00A131AB /* Base */ = {isa = PBXFileReference; lastKnownFileType = file.storyboard; name = Base; path = Base.lproj/Main.storyboard; sourceTree = "<group>"; };
		8BC8422E1E840D9E00A131AB /* Assets.xcassets */ = {isa = PBXFileReference; lastKnownFileType = folder.assetcatalog; path = Assets.xcassets; sourceTree = "<group>"; };
		8BC842311E840D9E00A131AB /* Base */ = {isa = PBXFileReference; lastKnownFileType = file.storyboard; name = Base; path = Base.lproj/LaunchScreen.storyboard; sourceTree = "<group>"; };
		8BC842331E840D9E00A131AB /* Info.plist */ = {isa = PBXFileReference; lastKnownFileType = text.plist.xml; path = Info.plist; sourceTree = "<group>"; };
		8BC842391E840E4500A131AB /* MemoShotTableViewCell.swift */ = {isa = PBXFileReference; fileEncoding = 4; lastKnownFileType = sourcecode.swift; path = MemoShotTableViewCell.swift; sourceTree = "<group>"; };
		8BC8423B1E840E5D00A131AB /* MemoShotTableViewController.swift */ = {isa = PBXFileReference; fileEncoding = 4; lastKnownFileType = sourcecode.swift; path = MemoShotTableViewController.swift; sourceTree = "<group>"; };
		8BC8423D1E840E7A00A131AB /* MemoSoundTableViewController.swift */ = {isa = PBXFileReference; fileEncoding = 4; lastKnownFileType = sourcecode.swift; path = MemoSoundTableViewController.swift; sourceTree = "<group>"; };
		8BC8423F1E840E8900A131AB /* MemoTextTableViewController.swift */ = {isa = PBXFileReference; fileEncoding = 4; lastKnownFileType = sourcecode.swift; path = MemoTextTableViewController.swift; sourceTree = "<group>"; };
		8BC842411E84232600A131AB /* MemoSoundTableViewCell.swift */ = {isa = PBXFileReference; fileEncoding = 4; lastKnownFileType = sourcecode.swift; path = MemoSoundTableViewCell.swift; sourceTree = "<group>"; };
		8BC842431E84233E00A131AB /* MemoTextTableViewCell.swift */ = {isa = PBXFileReference; fileEncoding = 4; lastKnownFileType = sourcecode.swift; path = MemoTextTableViewCell.swift; sourceTree = "<group>"; };
/* End PBXFileReference section */

/* Begin PBXFrameworksBuildPhase section */
		8BC8421F1E840D9D00A131AB /* Frameworks */ = {
			isa = PBXFrameworksBuildPhase;
			buildActionMask = 2147483647;
			files = (
			);
			runOnlyForDeploymentPostprocessing = 0;
		};
/* End PBXFrameworksBuildPhase section */

/* Begin PBXGroup section */
		8BC842191E840D9D00A131AB = {
			isa = PBXGroup;
			children = (
				8BC842241E840D9E00A131AB /* MemoShot */,
				8BC842231E840D9E00A131AB /* Products */,
			);
			sourceTree = "<group>";
		};
		8BC842231E840D9E00A131AB /* Products */ = {
			isa = PBXGroup;
			children = (
				8BC842221E840D9E00A131AB /* MemoShot.app */,
			);
			name = Products;
			sourceTree = "<group>";
		};
		8BC842241E840D9E00A131AB /* MemoShot */ = {
			isa = PBXGroup;
			children = (
				8BC842251E840D9E00A131AB /* AppDelegate.swift */,
				8BC8422B1E840D9E00A131AB /* Main.storyboard */,
				8BC8422E1E840D9E00A131AB /* Assets.xcassets */,
				8BC842301E840D9E00A131AB /* LaunchScreen.storyboard */,
				8BC842331E840D9E00A131AB /* Info.plist */,
				8BC842391E840E4500A131AB /* MemoShotTableViewCell.swift */,
				8BC8423B1E840E5D00A131AB /* MemoShotTableViewController.swift */,
				8BC8423D1E840E7A00A131AB /* MemoSoundTableViewController.swift */,
				8BC8423F1E840E8900A131AB /* MemoTextTableViewController.swift */,
				8BC842411E84232600A131AB /* MemoSoundTableViewCell.swift */,
				8BC842431E84233E00A131AB /* MemoTextTableViewCell.swift */,
			);
			path = MemoShot;
			sourceTree = "<group>";
		};
/* End PBXGroup section */

/* Begin PBXNativeTarget section */
		8BC842211E840D9D00A131AB /* MemoShot */ = {
			isa = PBXNativeTarget;
			buildConfigurationList = 8BC842361E840D9E00A131AB /* Build configuration list for PBXNativeTarget "MemoShot" */;
			buildPhases = (
				8BC8421E1E840D9D00A131AB /* Sources */,
				8BC8421F1E840D9D00A131AB /* Frameworks */,
				8BC842201E840D9D00A131AB /* Resources */,
			);
			buildRules = (
			);
			dependencies = (
			);
			name = MemoShot;
			productName = MemoShot;
			productReference = 8BC842221E840D9E00A131AB /* MemoShot.app */;
			productType = "com.apple.product-type.application";
		};
/* End PBXNativeTarget section */

/* Begin PBXProject section */
		8BC8421A1E840D9D00A131AB /* Project object */ = {
			isa = PBXProject;
			attributes = {
				LastSwiftUpdateCheck = 0820;
				LastUpgradeCheck = 0820;
				ORGANIZATIONNAME = Nagarian;
				TargetAttributes = {
					8BC842211E840D9D00A131AB = {
						CreatedOnToolsVersion = 8.2.1;
						ProvisioningStyle = Automatic;
					};
				};
			};
			buildConfigurationList = 8BC8421D1E840D9D00A131AB /* Build configuration list for PBXProject "MemoShot" */;
			compatibilityVersion = "Xcode 3.2";
			developmentRegion = English;
			hasScannedForEncodings = 0;
			knownRegions = (
				en,
				Base,
			);
			mainGroup = 8BC842191E840D9D00A131AB;
			productRefGroup = 8BC842231E840D9E00A131AB /* Products */;
			projectDirPath = "";
			projectRoot = "";
			targets = (
				8BC842211E840D9D00A131AB /* MemoShot */,
			);
		};
/* End PBXProject section */

/* Begin PBXResourcesBuildPhase section */
		8BC842201E840D9D00A131AB /* Resources */ = {
			isa = PBXResourcesBuildPhase;
			buildActionMask = 2147483647;
			files = (
				8BC842321E840D9E00A131AB /* LaunchScreen.storyboard in Resources */,
				8BC8422F1E840D9E00A131AB /* Assets.xcassets in Resources */,
				8BC8422D1E840D9E00A131AB /* Main.storyboard in Resources */,
			);
			runOnlyForDeploymentPostprocessing = 0;
		};
/* End PBXResourcesBuildPhase section */

/* Begin PBXSourcesBuildPhase section */
		8BC8421E1E840D9D00A131AB /* Sources */ = {
			isa = PBXSourcesBuildPhase;
			buildActionMask = 2147483647;
			files = (
				8BC842261E840D9E00A131AB /* AppDelegate.swift in Sources */,
				8BC8423C1E840E5D00A131AB /* MemoShotTableViewController.swift in Sources */,
				8BC842441E84233E00A131AB /* MemoTextTableViewCell.swift in Sources */,
				8BC8423A1E840E4500A131AB /* MemoShotTableViewCell.swift in Sources */,
				8BC842401E840E8900A131AB /* MemoTextTableViewController.swift in Sources */,
				8BC8423E1E840E7A00A131AB /* MemoSoundTableViewController.swift in Sources */,
				8BC842421E84232600A131AB /* MemoSoundTableViewCell.swift in Sources */,
			);
			runOnlyForDeploymentPostprocessing = 0;
		};
/* End PBXSourcesBuildPhase section */

/* Begin PBXVariantGroup section */
		8BC8422B1E840D9E00A131AB /* Main.storyboard */ = {
			isa = PBXVariantGroup;
			children = (
				8BC8422C1E840D9E00A131AB /* Base */,
			);
			name = Main.storyboard;
			sourceTree = "<group>";
		};
		8BC842301E840D9E00A131AB /* LaunchScreen.storyboard */ = {
			isa = PBXVariantGroup;
			children = (
				8BC842311E840D9E00A131AB /* Base */,
			);
			name = LaunchScreen.storyboard;
			sourceTree = "<group>";
		};
/* End PBXVariantGroup section */

/* Begin XCBuildConfiguration section */
		8BC842341E840D9E00A131AB /* Debug */ = {
			isa = XCBuildConfiguration;
			buildSettings = {
				ALWAYS_SEARCH_USER_PATHS = NO;
				CLANG_ANALYZER_NONNULL = YES;
				CLANG_CXX_LANGUAGE_STANDARD = "gnu++0x";
				CLANG_CXX_LIBRARY = "libc++";
				CLANG_ENABLE_MODULES = YES;
				CLANG_ENABLE_OBJC_ARC = YES;
				CLANG_WARN_BOOL_CONVERSION = YES;
				CLANG_WARN_CONSTANT_CONVERSION = YES;
				CLANG_WARN_DIRECT_OBJC_ISA_USAGE = YES_ERROR;
				CLANG_WARN_DOCUMENTATION_COMMENTS = YES;
				CLANG_WARN_EMPTY_BODY = YES;
				CLANG_WARN_ENUM_CONVERSION = YES;
				CLANG_WARN_INFINITE_RECURSION = YES;
				CLANG_WARN_INT_CONVERSION = YES;
				CLANG_WARN_OBJC_ROOT_CLASS = YES_ERROR;
				CLANG_WARN_SUSPICIOUS_MOVE = YES;
				CLANG_WARN_UNREACHABLE_CODE = YES;
				CLANG_WARN__DUPLICATE_METHOD_MATCH = YES;
				"CODE_SIGN_IDENTITY[sdk=iphoneos*]" = "iPhone Developer";
				COPY_PHASE_STRIP = NO;
				DEBUG_INFORMATION_FORMAT = dwarf;
				ENABLE_STRICT_OBJC_MSGSEND = YES;
				ENABLE_TESTABILITY = YES;
				GCC_C_LANGUAGE_STANDARD = gnu99;
				GCC_DYNAMIC_NO_PIC = NO;
				GCC_NO_COMMON_BLOCKS = YES;
				GCC_OPTIMIZATION_LEVEL = 0;
				GCC_PREPROCESSOR_DEFINITIONS = (
					"DEBUG=1",
					"$(inherited)",
				);
				GCC_WARN_64_TO_32_BIT_CONVERSION = YES;
				GCC_WARN_ABOUT_RETURN_TYPE = YES_ERROR;
				GCC_WARN_UNDECLARED_SELECTOR = YES;
				GCC_WARN_UNINITIALIZED_AUTOS = YES_AGGRESSIVE;
				GCC_WARN_UNUSED_FUNCTION = YES;
				GCC_WARN_UNUSED_VARIABLE = YES;
				IPHONEOS_DEPLOYMENT_TARGET = 10.2;
				MTL_ENABLE_DEBUG_INFO = YES;
				ONLY_ACTIVE_ARCH = YES;
				SDKROOT = iphoneos;
				SWIFT_ACTIVE_COMPILATION_CONDITIONS = DEBUG;
				SWIFT_OPTIMIZATION_LEVEL = "-Onone";
				TARGETED_DEVICE_FAMILY = "1,2";
			};
			name = Debug;
		};
		8BC842351E840D9E00A131AB /* Release */ = {
			isa = XCBuildConfiguration;
			buildSettings = {
				ALWAYS_SEARCH_USER_PATHS = NO;
				CLANG_ANALYZER_NONNULL = YES;
				CLANG_CXX_LANGUAGE_STANDARD = "gnu++0x";
				CLANG_CXX_LIBRARY = "libc++";
				CLANG_ENABLE_MODULES = YES;
				CLANG_ENABLE_OBJC_ARC = YES;
				CLANG_WARN_BOOL_CONVERSION = YES;
				CLANG_WARN_CONSTANT_CONVERSION = YES;
				CLANG_WARN_DIRECT_OBJC_ISA_USAGE = YES_ERROR;
				CLANG_WARN_DOCUMENTATION_COMMENTS = YES;
				CLANG_WARN_EMPTY_BODY = YES;
				CLANG_WARN_ENUM_CONVERSION = YES;
				CLANG_WARN_INFINITE_RECURSION = YES;
				CLANG_WARN_INT_CONVERSION = YES;
				CLANG_WARN_OBJC_ROOT_CLASS = YES_ERROR;
				CLANG_WARN_SUSPICIOUS_MOVE = YES;
				CLANG_WARN_UNREACHABLE_CODE = YES;
				CLANG_WARN__DUPLICATE_METHOD_MATCH = YES;
				"CODE_SIGN_IDENTITY[sdk=iphoneos*]" = "iPhone Developer";
				COPY_PHASE_STRIP = NO;
				DEBUG_INFORMATION_FORMAT = "dwarf-with-dsym";
				ENABLE_NS_ASSERTIONS = NO;
				ENABLE_STRICT_OBJC_MSGSEND = YES;
				GCC_C_LANGUAGE_STANDARD = gnu99;
				GCC_NO_COMMON_BLOCKS = YES;
				GCC_WARN_64_TO_32_BIT_CONVERSION = YES;
				GCC_WARN_ABOUT_RETURN_TYPE = YES_ERROR;
				GCC_WARN_UNDECLARED_SELECTOR = YES;
				GCC_WARN_UNINITIALIZED_AUTOS = YES_AGGRESSIVE;
				GCC_WARN_UNUSED_FUNCTION = YES;
				GCC_WARN_UNUSED_VARIABLE = YES;
				IPHONEOS_DEPLOYMENT_TARGET = 10.2;
				MTL_ENABLE_DEBUG_INFO = NO;
				SDKROOT = iphoneos;
				SWIFT_OPTIMIZATION_LEVEL = "-Owholemodule";
				TARGETED_DEVICE_FAMILY = "1,2";
				VALIDATE_PRODUCT = YES;
			};
			name = Release;
		};
		8BC842371E840D9E00A131AB /* Debug */ = {
			isa = XCBuildConfiguration;
			buildSettings = {
				ASSETCATALOG_COMPILER_APPICON_NAME = AppIcon;
				INFOPLIST_FILE = MemoShot/Info.plist;
				LD_RUNPATH_SEARCH_PATHS = "$(inherited) @executable_path/Frameworks";
				PRODUCT_BUNDLE_IDENTIFIER = "fr.nagar-world.MemoShot";
				PRODUCT_NAME = "$(TARGET_NAME)";
				SWIFT_VERSION = 3.0;
			};
			name = Debug;
		};
		8BC842381E840D9E00A131AB /* Release */ = {
			isa = XCBuildConfiguration;
			buildSettings = {
				ASSETCATALOG_COMPILER_APPICON_NAME = AppIcon;
				INFOPLIST_FILE = MemoShot/Info.plist;
				LD_RUNPATH_SEARCH_PATHS = "$(inherited) @executable_path/Frameworks";
				PRODUCT_BUNDLE_IDENTIFIER = "fr.nagar-world.MemoShot";
				PRODUCT_NAME = "$(TARGET_NAME)";
				SWIFT_VERSION = 3.0;
			};
			name = Release;
		};
/* End XCBuildConfiguration section */

/* Begin XCConfigurationList section */
		8BC8421D1E840D9D00A131AB /* Build configuration list for PBXProject "MemoShot" */ = {
			isa = XCConfigurationList;
			buildConfigurations = (
				8BC842341E840D9E00A131AB /* Debug */,
				8BC842351E840D9E00A131AB /* Release */,
			);
			defaultConfigurationIsVisible = 0;
			defaultConfigurationName = Release;
		};
		8BC842361E840D9E00A131AB /* Build configuration list for PBXNativeTarget "MemoShot" */ = {
			isa = XCConfigurationList;
			buildConfigurations = (
				8BC842371E840D9E00A131AB /* Debug */,
				8BC842381E840D9E00A131AB /* Release */,
			);
			defaultConfigurationIsVisible = 0;
		};
/* End XCConfigurationList section */
	};
	rootObject = 8BC8421A1E840D9D00A131AB /* Project object */;
}
